# This is a Gradle generated file for dependency locking.
# Manual edits can break the build and are not advised.
# This file is expected to be part of source control.
commons-beanutils:commons-beanutils:1.8.0
commons-codec:commons-codec:1.6
commons-collections:commons-collections:3.2.1
commons-lang:commons-lang:2.4
commons-logging:commons-logging:1.1.1
net.sf.ezmorph:ezmorph:1.0.6
net.sf.json-lib:json-lib:2.3
net.sourceforge.nekohtml:nekohtml:1.9.16
org.apache.httpcomponents:httpclient:4.2.1
org.apache.httpcomponents:httpcore:4.2.1
org.codehaus.groovy.modules.http-builder:http-builder:0.7.1
xerces:xercesImpl:2.9.1
xml-resolver:xml-resolver:1.2
