# This is a Gradle generated file for dependency locking.
# Manual edits can break the build and are not advised.
# This file is expected to be part of source control.
cglib:cglib-nodep:3.2.2
com.google.guava:guava:19.0
com.netflix.nebula:nebula-test:7.3.0
commons-beanutils:commons-beanutils:1.8.0
commons-codec:commons-codec:1.6
commons-collections:commons-collections:3.2.1
commons-io:commons-io:2.5
commons-lang:commons-lang:2.4
commons-logging:commons-logging:1.1.1
junit:junit:4.12
net.sf.ezmorph:ezmorph:1.0.6
net.sf.json-lib:json-lib:2.3
net.sourceforge.nekohtml:nekohtml:1.9.16
org.apache.httpcomponents:httpclient:4.2.1
org.apache.httpcomponents:httpcore:4.2.1
org.codehaus.groovy.modules.http-builder:http-builder:0.7.1
org.hamcrest:hamcrest-core:1.3
org.mockito:mockito-all:1.9.5
org.objenesis:objenesis:2.4
org.spockframework:spock-core:1.1-groovy-2.4-rc-4
xerces:xercesImpl:2.9.1
xml-resolver:xml-resolver:1.2
